// !$*UTF8*$!
{
	archiveVersion = 1;
	classes = {
	};
	objectVersion = 46;
	objects = {

/* Begin PBXBuildFile section */
		94AFCE971C1F7921002DDF3C /* water.png in Resources */ = {isa = PBXBuildFile; fileRef = 94AFCE901C1F7921002DDF3C /* water.png */; };
		94AFCE981C1F7921002DDF3C /* road.png in Resources */ = {isa = PBXBuildFile; fileRef = 94AFCE911C1F7921002DDF3C /* road.png */; };
		94AFCE991C1F7921002DDF3C /* residential.png in Resources */ = {isa = PBXBuildFile; fileRef = 94AFCE921C1F7921002DDF3C /* residential.png */; };
		94AFCE9A1C1F7921002DDF3C /* industrial.png in Resources */ = {isa = PBXBuildFile; fileRef = 94AFCE931C1F7921002DDF3C /* industrial.png */; };
		94AFCE9B1C1F7921002DDF3C /* grass.png in Resources */ = {isa = PBXBuildFile; fileRef = 94AFCE941C1F7921002DDF3C /* grass.png */; };
		94AFCE9C1C1F7921002DDF3C /* forest.png in Resources */ = {isa = PBXBuildFile; fileRef = 94AFCE951C1F7921002DDF3C /* forest.png */; };
		94AFCE9D1C1F7921002DDF3C /* commercial.png in Resources */ = {isa = PBXBuildFile; fileRef = 94AFCE961C1F7921002DDF3C /* commercial.png */; };
		94AFCEA01C1F7942002DDF3C /* Map.cpp in Sources */ = {isa = PBXBuildFile; fileRef = 94AFCE9E1C1F7942002DDF3C /* Map.cpp */; };
		94AFCEA51C1FF951002DDF3C /* GUI.cpp in Sources */ = {isa = PBXBuildFile; fileRef = 94AFCEA41C1FF951002DDF3C /* GUI.cpp */; };
		94AFCEA81C20189A002DDF3C /* City.cpp in Sources */ = {isa = PBXBuildFile; fileRef = 94AFCEA61C20189A002DDF3C /* City.cpp */; };
		94B501721C1EBDFB00816866 /* Game.cpp in Sources */ = {isa = PBXBuildFile; fileRef = 94B501711C1EBDFB00816866 /* Game.cpp */; };
		94B501981C1EC18A00816866 /* main.cpp in Sources */ = {isa = PBXBuildFile; fileRef = 94B501971C1EC18A00816866 /* main.cpp */; };
		94B5019E1C1EC38C00816866 /* Game_state_start.cpp in Sources */ = {isa = PBXBuildFile; fileRef = 94B5019D1C1EC38C00816866 /* Game_state_start.cpp */; };
		94B501A01C1EC76E00816866 /* Game_state_editor.cpp in Sources */ = {isa = PBXBuildFile; fileRef = 94B5019F1C1EC76E00816866 /* Game_state_editor.cpp */; };
		94B501A31C1ECA9A00816866 /* Texture_manager.cpp in Sources */ = {isa = PBXBuildFile; fileRef = 94B501A21C1ECA9A00816866 /* Texture_manager.cpp */; };
		94B501A71C1ECFAC00816866 /* Animation_handler.cpp in Sources */ = {isa = PBXBuildFile; fileRef = 94B501A61C1ECFAC00816866 /* Animation_handler.cpp */; };
		94B501AA1C1ED3D800816866 /* background.png in Resources */ = {isa = PBXBuildFile; fileRef = 94B501A91C1ED3D800816866 /* background.png */; };
		94C7F9281C1F684B00F57FBE /* Tile.cpp in Sources */ = {isa = PBXBuildFile; fileRef = 94C7F9261C1F684B00F57FBE /* Tile.cpp */; };
/* End PBXBuildFile section */

/* Begin PBXFileReference section */
		94AFCE901C1F7921002DDF3C /* water.png */ = {isa = PBXFileReference; lastKnownFileType = image.png; path = water.png; sourceTree = "<group>"; };
		94AFCE911C1F7921002DDF3C /* road.png */ = {isa = PBXFileReference; lastKnownFileType = image.png; path = road.png; sourceTree = "<group>"; };
		94AFCE921C1F7921002DDF3C /* residential.png */ = {isa = PBXFileReference; lastKnownFileType = image.png; path = residential.png; sourceTree = "<group>"; };
		94AFCE931C1F7921002DDF3C /* industrial.png */ = {isa = PBXFileReference; lastKnownFileType = image.png; path = industrial.png; sourceTree = "<group>"; };
		94AFCE941C1F7921002DDF3C /* grass.png */ = {isa = PBXFileReference; lastKnownFileType = image.png; path = grass.png; sourceTree = "<group>"; };
		94AFCE951C1F7921002DDF3C /* forest.png */ = {isa = PBXFileReference; lastKnownFileType = image.png; path = forest.png; sourceTree = "<group>"; };
		94AFCE961C1F7921002DDF3C /* commercial.png */ = {isa = PBXFileReference; lastKnownFileType = image.png; path = commercial.png; sourceTree = "<group>"; };
		94AFCE9E1C1F7942002DDF3C /* Map.cpp */ = {isa = PBXFileReference; fileEncoding = 4; lastKnownFileType = sourcecode.cpp.cpp; path = Map.cpp; sourceTree = "<group>"; };
		94AFCE9F1C1F7942002DDF3C /* Map.h */ = {isa = PBXFileReference; fileEncoding = 4; lastKnownFileType = sourcecode.c.h; path = Map.h; sourceTree = "<group>"; };
		94AFCEA31C1FF909002DDF3C /* GUI.h */ = {isa = PBXFileReference; lastKnownFileType = sourcecode.c.h; path = GUI.h; sourceTree = "<group>"; };
		94AFCEA41C1FF951002DDF3C /* GUI.cpp */ = {isa = PBXFileReference; fileEncoding = 4; lastKnownFileType = sourcecode.cpp.cpp; path = GUI.cpp; sourceTree = "<group>"; };
		94AFCEA61C20189A002DDF3C /* City.cpp */ = {isa = PBXFileReference; fileEncoding = 4; lastKnownFileType = sourcecode.cpp.cpp; path = City.cpp; sourceTree = "<group>"; };
		94AFCEA71C20189A002DDF3C /* City.h */ = {isa = PBXFileReference; fileEncoding = 4; lastKnownFileType = sourcecode.c.h; path = City.h; sourceTree = "<group>"; };
		94B501561C1EB85800816866 /* City_Builder.app */ = {isa = PBXFileReference; explicitFileType = wrapper.application; includeInIndex = 0; path = City_Builder.app; sourceTree = BUILT_PRODUCTS_DIR; };
		94B5016E1C1EBB8E00816866 /* Game_state.h */ = {isa = PBXFileReference; lastKnownFileType = sourcecode.c.h; path = Game_state.h; sourceTree = "<group>"; };
		94B501701C1EBC6000816866 /* Game.h */ = {isa = PBXFileReference; fileEncoding = 4; lastKnownFileType = sourcecode.c.h; path = Game.h; sourceTree = "<group>"; };
		94B501711C1EBDFB00816866 /* Game.cpp */ = {isa = PBXFileReference; fileEncoding = 4; lastKnownFileType = sourcecode.cpp.cpp; path = Game.cpp; sourceTree = "<group>"; };
		94B501951C1EC05C00816866 /* City_Builder-Info.plist */ = {isa = PBXFileReference; fileEncoding = 4; lastKnownFileType = text.plist.xml; name = "City_Builder-Info.plist"; path = "City_Builder/City_Builder-Info.plist"; sourceTree = "<group>"; };
		94B501971C1EC18A00816866 /* main.cpp */ = {isa = PBXFileReference; fileEncoding = 4; lastKnownFileType = sourcecode.cpp.cpp; path = main.cpp; sourceTree = "<group>"; };
		94B5019B1C1EC20C00816866 /* Game_state_start.h */ = {isa = PBXFileReference; lastKnownFileType = sourcecode.c.h; path = Game_state_start.h; sourceTree = "<group>"; };
		94B5019C1C1EC2D800816866 /* Game_state_editor.h */ = {isa = PBXFileReference; lastKnownFileType = sourcecode.c.h; path = Game_state_editor.h; sourceTree = "<group>"; };
		94B5019D1C1EC38C00816866 /* Game_state_start.cpp */ = {isa = PBXFileReference; fileEncoding = 4; lastKnownFileType = sourcecode.cpp.cpp; path = Game_state_start.cpp; sourceTree = "<group>"; };
		94B5019F1C1EC76E00816866 /* Game_state_editor.cpp */ = {isa = PBXFileReference; fileEncoding = 4; lastKnownFileType = sourcecode.cpp.cpp; path = Game_state_editor.cpp; sourceTree = "<group>"; };
		94B501A11C1ECA0600816866 /* Texture_manager.h */ = {isa = PBXFileReference; lastKnownFileType = sourcecode.c.h; path = Texture_manager.h; sourceTree = "<group>"; };
		94B501A21C1ECA9A00816866 /* Texture_manager.cpp */ = {isa = PBXFileReference; fileEncoding = 4; lastKnownFileType = sourcecode.cpp.cpp; path = Texture_manager.cpp; sourceTree = "<group>"; };
		94B501A41C1ECD6000816866 /* Animation_handler.h */ = {isa = PBXFileReference; lastKnownFileType = sourcecode.c.h; path = Animation_handler.h; sourceTree = "<group>"; };
		94B501A51C1ECF5000816866 /* Animation.h */ = {isa = PBXFileReference; lastKnownFileType = sourcecode.c.h; path = Animation.h; sourceTree = "<group>"; };
		94B501A61C1ECFAC00816866 /* Animation_handler.cpp */ = {isa = PBXFileReference; fileEncoding = 4; lastKnownFileType = sourcecode.cpp.cpp; path = Animation_handler.cpp; sourceTree = "<group>"; };
		94B501A91C1ED3D800816866 /* background.png */ = {isa = PBXFileReference; lastKnownFileType = image.png; path = background.png; sourceTree = "<group>"; };
		94C7F9261C1F684B00F57FBE /* Tile.cpp */ = {isa = PBXFileReference; fileEncoding = 4; lastKnownFileType = sourcecode.cpp.cpp; path = Tile.cpp; sourceTree = "<group>"; };
		94C7F9271C1F684B00F57FBE /* Tile.h */ = {isa = PBXFileReference; fileEncoding = 4; lastKnownFileType = sourcecode.c.h; path = Tile.h; sourceTree = "<group>"; };
/* End PBXFileReference section */

/* Begin PBXFrameworksBuildPhase section */
		94B501521C1EB85800816866 /* Frameworks */ = {
			isa = PBXFrameworksBuildPhase;
			buildActionMask = 2147483647;
			files = (
			);
			runOnlyForDeploymentPostprocessing = 0;
		};
/* End PBXFrameworksBuildPhase section */

/* Begin PBXGroup section */
		94B5014C1C1EB85700816866 = {
			isa = PBXGroup;
			children = (
				94B501951C1EC05C00816866 /* City_Builder-Info.plist */,
				94B501581C1EB85800816866 /* City_Builder */,
				94B501571C1EB85800816866 /* Products */,
			);
			sourceTree = "<group>";
		};
		94B501571C1EB85800816866 /* Products */ = {
			isa = PBXGroup;
			children = (
				94B501561C1EB85800816866 /* City_Builder.app */,
			);
			name = Products;
			sourceTree = "<group>";
		};
		94B501581C1EB85800816866 /* City_Builder */ = {
			isa = PBXGroup;
			children = (
				94B501A81C1ED3D800816866 /* media */,
				94B501991C1EC1E500816866 /* include */,
				94B5019A1C1EC1ED00816866 /* src */,
			);
			path = City_Builder;
			sourceTree = "<group>";
		};
		94B501991C1EC1E500816866 /* include */ = {
			isa = PBXGroup;
			children = (
				94B501A51C1ECF5000816866 /* Animation.h */,
				94B501A41C1ECD6000816866 /* Animation_handler.h */,
				94AFCEA71C20189A002DDF3C /* City.h */,
				94B501701C1EBC6000816866 /* Game.h */,
				94B5016E1C1EBB8E00816866 /* Game_state.h */,
				94B5019C1C1EC2D800816866 /* Game_state_editor.h */,
				94B5019B1C1EC20C00816866 /* Game_state_start.h */,
				94AFCEA31C1FF909002DDF3C /* GUI.h */,
				94AFCE9F1C1F7942002DDF3C /* Map.h */,
				94B501A11C1ECA0600816866 /* Texture_manager.h */,
				94C7F9271C1F684B00F57FBE /* Tile.h */,
			);
			name = include;
			sourceTree = "<group>";
		};
		94B5019A1C1EC1ED00816866 /* src */ = {
			isa = PBXGroup;
			children = (
				94B501A61C1ECFAC00816866 /* Animation_handler.cpp */,
				94AFCEA61C20189A002DDF3C /* City.cpp */,
				94B501711C1EBDFB00816866 /* Game.cpp */,
				94B5019F1C1EC76E00816866 /* Game_state_editor.cpp */,
				94B5019D1C1EC38C00816866 /* Game_state_start.cpp */,
				94AFCEA41C1FF951002DDF3C /* GUI.cpp */,
				94B501971C1EC18A00816866 /* main.cpp */,
				94AFCE9E1C1F7942002DDF3C /* Map.cpp */,
				94B501A21C1ECA9A00816866 /* Texture_manager.cpp */,
				94C7F9261C1F684B00F57FBE /* Tile.cpp */,
			);
			name = src;
			sourceTree = "<group>";
		};
		94B501A81C1ED3D800816866 /* media */ = {
			isa = PBXGroup;
			children = (
				94AFCE901C1F7921002DDF3C /* water.png */,
				94AFCE911C1F7921002DDF3C /* road.png */,
				94AFCE921C1F7921002DDF3C /* residential.png */,
				94AFCE931C1F7921002DDF3C /* industrial.png */,
				94AFCE941C1F7921002DDF3C /* grass.png */,
				94AFCE951C1F7921002DDF3C /* forest.png */,
				94AFCE961C1F7921002DDF3C /* commercial.png */,
				94B501A91C1ED3D800816866 /* background.png */,
			);
			path = media;
			sourceTree = "<group>";
		};
/* End PBXGroup section */

/* Begin PBXNativeTarget section */
		94B501551C1EB85800816866 /* City_Builder */ = {
			isa = PBXNativeTarget;
			buildConfigurationList = 94B5016B1C1EB85800816866 /* Build configuration list for PBXNativeTarget "City_Builder" */;
			buildPhases = (
				94B501511C1EB85800816866 /* Sources */,
				94B501521C1EB85800816866 /* Frameworks */,
				94B501531C1EB85800816866 /* Resources */,
				94B501541C1EB85800816866 /* ShellScript */,
			);
			buildRules = (
			);
			dependencies = (
			);
			name = City_Builder;
			productName = City_Builder;
			productReference = 94B501561C1EB85800816866 /* City_Builder.app */;
			productType = "com.apple.product-type.application";
		};
/* End PBXNativeTarget section */

/* Begin PBXProject section */
		94B5014D1C1EB85700816866 /* Project object */ = {
			isa = PBXProject;
			attributes = {
				LastUpgradeCheck = 0720;
				ORGANIZATIONNAME = "Ryan Whitfield";
				TargetAttributes = {
					94B501551C1EB85800816866 = {
						CreatedOnToolsVersion = 7.2;
					};
				};
			};
			buildConfigurationList = 94B501501C1EB85800816866 /* Build configuration list for PBXProject "City_Builder" */;
			compatibilityVersion = "Xcode 3.2";
			developmentRegion = English;
			hasScannedForEncodings = 0;
			knownRegions = (
				en,
			);
			mainGroup = 94B5014C1C1EB85700816866;
			productRefGroup = 94B501571C1EB85800816866 /* Products */;
			projectDirPath = "";
			projectRoot = "";
			targets = (
				94B501551C1EB85800816866 /* City_Builder */,
			);
		};
/* End PBXProject section */

/* Begin PBXResourcesBuildPhase section */
		94B501531C1EB85800816866 /* Resources */ = {
			isa = PBXResourcesBuildPhase;
			buildActionMask = 2147483647;
			files = (
				94AFCE9C1C1F7921002DDF3C /* forest.png in Resources */,
				94AFCE9B1C1F7921002DDF3C /* grass.png in Resources */,
				94B501AA1C1ED3D800816866 /* background.png in Resources */,
				94AFCE971C1F7921002DDF3C /* water.png in Resources */,
				94AFCE991C1F7921002DDF3C /* residential.png in Resources */,
				94AFCE9D1C1F7921002DDF3C /* commercial.png in Resources */,
				94AFCE9A1C1F7921002DDF3C /* industrial.png in Resources */,
				94AFCE981C1F7921002DDF3C /* road.png in Resources */,
			);
			runOnlyForDeploymentPostprocessing = 0;
		};
/* End PBXResourcesBuildPhase section */

/* Begin PBXShellScriptBuildPhase section */
		94B501541C1EB85800816866 /* ShellScript */ = {
			isa = PBXShellScriptBuildPhase;
			buildActionMask = 2147483647;
			files = (
			);
			inputPaths = (
			);
			outputPaths = (
			);
			runOnlyForDeploymentPostprocessing = 0;
			shellPath = /bin/sh;
			shellScript = "# This shell script simply copies required SFML dylibs/frameworks into the application bundle frameworks folder.\n# If you're using static libraries (which is not recommended) you should remove this script from your project.\n\n# SETTINGS\nCMAKE_INSTALL_FRAMEWORK_PREFIX=\"/Library/Frameworks\"\nCMAKE_INSTALL_LIB_PREFIX=\"/usr/local/lib\"\nFRAMEWORKS_FULL_PATH=\"$BUILT_PRODUCTS_DIR/$FRAMEWORKS_FOLDER_PATH/\"\n\n# Are we building a project that uses frameworks or dylibs?\ncase \"$SFML_BINARY_TYPE\" in\n    DYLIBS)\n        frameworks=\"false\"\n        ;;\n    *)\n        frameworks=\"true\"\n        ;;\nesac\n\n# Echoes to stderr\nerror () # $* message to display\n{\n    echo $* 1>&2\n    exit 2\n}\n\nassert () # $1 is a boolean, $2...N is an error message\n{\n    if [ $# -lt 2 ]\n    then\n        error \"Internal error in assert: not enough args\"\n    fi\n\n    if [ $1 -ne 0 ]\n    then\n        shift\n        error \"$*\"\n    fi\n}\n\nforce_remove () # $@ is some paths\n{\n    test $# -ge 1\n    assert $? \"force_remove() requires at least one parameter\"\n    rm -fr $@\n    assert $? \"couldn't remove $@\"\n}\n\ncopy () # $1 is a source, $2 is a destination\n{\n    test $# -eq 2\n    assert $? \"copy() requires two parameters\"\n    ditto \"$1\" \"$2\"\n    assert $? \"couldn't copy $1 to $2\"\n}\n\nrequire () # $1 is a SFML module like 'system' or 'audio'\n{\n    dest=\"$BUILT_PRODUCTS_DIR/$FRAMEWORKS_FOLDER_PATH/\"\n\n    if [ -z \"$1\" ]\n    then\n        error \"require() requires one parameter!\"\n    else\n        # clean potentially old stuff\n        force_remove \"$dest/libsfml-$1\"*\n        force_remove \"$dest/sfml-$1.framework\"\n\n        # copy SFML libraries\n        if [ \"$frameworks\" = \"true\" ]\n        then\n            source=\"$CMAKE_INSTALL_FRAMEWORK_PREFIX/sfml-$1.framework\"\n            target=\"sfml-$1.framework\"\n        elif [ \"$SFML_LINK_DYLIBS_SUFFIX\" = \"-d\" ]\n        then\n            source=\"$CMAKE_INSTALL_LIB_PREFIX/libsfml-$1-d.dylib\"\n            target=\"`readlink $source`\"\n        else\n            source=\"$CMAKE_INSTALL_LIB_PREFIX/libsfml-$1.dylib\"\n            target=\"`readlink $source`\"\n        fi\n\n        copy \"$source\" \"$dest/$target\"\n\n        # copy extra dependencies\n        if [ \"$1\" = \"audio\" ]\n        then\n            # copy \"FLAC\" \"ogg\" \"vorbis\" \"vorbisenc\" \"vorbisfile\" \"OpenAL\" frameworks too\n            for f in \"FLAC\" \"ogg\" \"vorbis\" \"vorbisenc\" \"vorbisfile\" \"OpenAL\"\n            do\n                copy \"$CMAKE_INSTALL_FRAMEWORK_PREFIX/$f.framework\" \"$dest/$f.framework\"\n            done\n        elif [ \"$1\" = \"graphics\" ]\n        then\n            copy \"$CMAKE_INSTALL_FRAMEWORK_PREFIX/freetype.framework\" \"$dest/freetype.framework\"\n        fi\n    fi\n}\n\nif [ -n \"$SFML_SYSTEM\" ]\nthen\n    require \"system\"\nfi\n\nif [ -n \"$SFML_AUDIO\" ]\nthen\n    require \"audio\"\nfi\n\nif [ -n \"$SFML_NETWORK\" ]\nthen\n    require \"network\"\nfi\n\nif [ -n \"$SFML_WINDOW\" ]\nthen\n    require \"window\"\nfi\n\nif [ -n \"$SFML_GRAPHICS\" ]\nthen\n    require \"graphics\"\nfi\n\n                ";
		};
/* End PBXShellScriptBuildPhase section */

/* Begin PBXSourcesBuildPhase section */
		94B501511C1EB85800816866 /* Sources */ = {
			isa = PBXSourcesBuildPhase;
			buildActionMask = 2147483647;
			files = (
				94B501981C1EC18A00816866 /* main.cpp in Sources */,
				94B501721C1EBDFB00816866 /* Game.cpp in Sources */,
				94B501A31C1ECA9A00816866 /* Texture_manager.cpp in Sources */,
				94AFCEA51C1FF951002DDF3C /* GUI.cpp in Sources */,
				94AFCEA81C20189A002DDF3C /* City.cpp in Sources */,
				94B501A01C1EC76E00816866 /* Game_state_editor.cpp in Sources */,
				94B5019E1C1EC38C00816866 /* Game_state_start.cpp in Sources */,
				94B501A71C1ECFAC00816866 /* Animation_handler.cpp in Sources */,
				94AFCEA01C1F7942002DDF3C /* Map.cpp in Sources */,
				94C7F9281C1F684B00F57FBE /* Tile.cpp in Sources */,
			);
			runOnlyForDeploymentPostprocessing = 0;
		};
/* End PBXSourcesBuildPhase section */

/* Begin XCBuildConfiguration section */
		94B501691C1EB85800816866 /* Debug */ = {
			isa = XCBuildConfiguration;
			buildSettings = {
				ARCHS = (
					i386,
					x86_64,
				);
				CLANG_CXX_LANGUAGE_STANDARD = "c++0x";
				CLANG_CXX_LIBRARY = "libc++";
				FRAMEWORK_SEARCH_PATHS = (
					/Library/Frameworks/,
					"$(inherited)",
				);
				GCC_VERSION = com.apple.compilers.llvm.clang.1_0;
				HEADER_SEARCH_PATHS = (
					/usr/local/include/,
					"$(inherited)",
				);
				LIBRARY_SEARCH_PATHS = (
					/usr/local/lib/,
					"$(inherited)",
				);
				MACOSX_DEPLOYMENT_TARGET = 10.7;
				OTHER_LDFLAGS = (
					"$(inherited)",
					"$(SFML_SYSTEM)",
					"$(SFML_WINDOW)",
					"$(SFML_GRAPHICS)",
					"$(SFML_AUDIO)",
					"$(SFML_NETWORK)",
				);
				SFML_AUDIO = "$(SFML_LINK_PREFIX) sfml-audio$(SFML_LINK_SUFFIX)";
				SFML_BINARY_TYPE = FRAMEWORKS;
				SFML_GRAPHICS = "$(SFML_LINK_PREFIX) sfml-graphics$(SFML_LINK_SUFFIX)";
				SFML_LINK_DYLIBS_PREFIX = "-l";
				SFML_LINK_DYLIBS_SUFFIX = "";
				SFML_LINK_FRAMEWORKS_PREFIX = "-framework";
				SFML_LINK_FRAMEWORKS_SUFFIX = "";
				SFML_LINK_PREFIX = "$(SFML_LINK_$(SFML_BINARY_TYPE)_PREFIX)";
				SFML_LINK_SUFFIX = "$(SFML_LINK_$(SFML_BINARY_TYPE)_SUFFIX)";
				SFML_NETWORK = "$(SFML_LINK_PREFIX) sfml-network$(SFML_LINK_SUFFIX)";
				SFML_SYSTEM = "$(SFML_LINK_PREFIX) sfml-system$(SFML_LINK_SUFFIX)";
				SFML_WINDOW = "$(SFML_LINK_PREFIX) sfml-window$(SFML_LINK_SUFFIX)";
				SUPPORTED_PLATFORMS = macosx;
			};
			name = Debug;
		};
		94B5016A1C1EB85800816866 /* Release */ = {
			isa = XCBuildConfiguration;
			buildSettings = {
				ARCHS = (
					i386,
					x86_64,
				);
				CLANG_CXX_LANGUAGE_STANDARD = "c++0x";
				CLANG_CXX_LIBRARY = "libc++";
				FRAMEWORK_SEARCH_PATHS = (
					/Library/Frameworks/,
					"$(inherited)",
				);
				GCC_VERSION = com.apple.compilers.llvm.clang.1_0;
				HEADER_SEARCH_PATHS = (
					/usr/local/include/,
					"$(inherited)",
				);
				LIBRARY_SEARCH_PATHS = (
					/usr/local/lib/,
					"$(inherited)",
				);
				MACOSX_DEPLOYMENT_TARGET = 10.7;
				OTHER_LDFLAGS = (
					"$(inherited)",
					"$(SFML_SYSTEM)",
					"$(SFML_WINDOW)",
					"$(SFML_GRAPHICS)",
					"$(SFML_AUDIO)",
					"$(SFML_NETWORK)",
				);
				SFML_AUDIO = "$(SFML_LINK_PREFIX) sfml-audio$(SFML_LINK_SUFFIX)";
				SFML_BINARY_TYPE = FRAMEWORKS;
				SFML_GRAPHICS = "$(SFML_LINK_PREFIX) sfml-graphics$(SFML_LINK_SUFFIX)";
				SFML_LINK_DYLIBS_PREFIX = "-l";
				SFML_LINK_DYLIBS_SUFFIX = "";
				SFML_LINK_FRAMEWORKS_PREFIX = "-framework";
				SFML_LINK_FRAMEWORKS_SUFFIX = "";
				SFML_LINK_PREFIX = "$(SFML_LINK_$(SFML_BINARY_TYPE)_PREFIX)";
				SFML_LINK_SUFFIX = "$(SFML_LINK_$(SFML_BINARY_TYPE)_SUFFIX)";
				SFML_NETWORK = "$(SFML_LINK_PREFIX) sfml-network$(SFML_LINK_SUFFIX)";
				SFML_SYSTEM = "$(SFML_LINK_PREFIX) sfml-system$(SFML_LINK_SUFFIX)";
				SFML_WINDOW = "$(SFML_LINK_PREFIX) sfml-window$(SFML_LINK_SUFFIX)";
				SUPPORTED_PLATFORMS = macosx;
			};
			name = Release;
		};
		94B5016C1C1EB85800816866 /* Debug */ = {
			isa = XCBuildConfiguration;
			buildSettings = {
				INFOPLIST_FILE = "City_Builder/City_Builder-Info.plist";
				LD_RUNPATH_SEARCH_PATHS = "@loader_path/../Frameworks";
				PRODUCT_NAME = "$(TARGET_NAME)";
			};
			name = Debug;
		};
		94B5016D1C1EB85800816866 /* Release */ = {
			isa = XCBuildConfiguration;
			buildSettings = {
				INFOPLIST_FILE = "City_Builder/City_Builder-Info.plist";
				LD_RUNPATH_SEARCH_PATHS = "@loader_path/../Frameworks";
				PRODUCT_NAME = "$(TARGET_NAME)";
			};
			name = Release;
		};
/* End XCBuildConfiguration section */

/* Begin XCConfigurationList section */
		94B501501C1EB85800816866 /* Build configuration list for PBXProject "City_Builder" */ = {
			isa = XCConfigurationList;
			buildConfigurations = (
				94B501691C1EB85800816866 /* Debug */,
				94B5016A1C1EB85800816866 /* Release */,
			);
			defaultConfigurationIsVisible = 0;
			defaultConfigurationName = Release;
		};
		94B5016B1C1EB85800816866 /* Build configuration list for PBXNativeTarget "City_Builder" */ = {
			isa = XCConfigurationList;
			buildConfigurations = (
				94B5016C1C1EB85800816866 /* Debug */,
				94B5016D1C1EB85800816866 /* Release */,
			);
			defaultConfigurationIsVisible = 0;
			defaultConfigurationName = Release;
		};
/* End XCConfigurationList section */
	};
	rootObject = 94B5014D1C1EB85700816866 /* Project object */;
}
